
Microsoft Visual Studio Solution File, Format Version 12.00
# Visual Studio Version 17
VisualStudioVersion = 17.1.32228.430
MinimumVisualStudioVersion = 10.0.40219.1
Project("{8BC9CEB8-8B4A-11D0-8D11-00A0C91BC942}") = "Grill3D", "Grill3D.vcxproj", "{9A1D53CA-C5E8-4DB3-B4CD-E37E0AECE2A9}"
EndProject
Global
	GlobalSection(SolutionConfigurationPlatforms) = preSolution
		Debug|x64 = Debug|x64
		Debug|x86 = Debug|x86
		Release|x64 = Release|x64
		Release|x86 = Release|x86
	EndGlobalSection
	GlobalSection(ProjectConfigurationPlatforms) = postSolution
		{9A1D53CA-C5E8-4DB3-B4CD-E37E0AECE2A9}.Debug|x64.ActiveCfg = Debug|x64
		{9A1D53CA-C5E8-4DB3-B4CD-E37E0AECE2A9}.Debug|x64.Build.0 = Debug|x64
		{9A1D53CA-C5E8-4DB3-B4CD-E37E0AECE2A9}.Debug|x86.ActiveCfg = Debug|Win32
		{9A1D53CA-C5E8-4DB3-B4CD-E37E0AECE2A9}.Debug|x86.Build.0 = Debug|Win32
		{9A1D53CA-C5E8-4DB3-B4CD-E37E0AECE2A9}.Release|x64.ActiveCfg = Release|x64
		{9A1D53CA-C5E8-4DB3-B4CD-E37E0AECE2A9}.Release|x64.Build.0 = Release|x64
		{9A1D53CA-C5E8-4DB3-B4CD-E37E0AECE2A9}.Release|x86.ActiveCfg = Release|Win32
		{9A1D53CA-C5E8-4DB3-B4CD-E37E0AECE2A9}.Release|x86.Build.0 = Release|Win32
	EndGlobalSection
	GlobalSection(SolutionProperties) = preSolution
		HideSolutionNode = FALSE
	EndGlobalSection
	GlobalSection(ExtensibilityGlobals) = postSolution
		SolutionGuid = {7295431D-4C6D-4AA7-B470-E1704E8FDBDE}
	EndGlobalSection
EndGlobal
